# This file is automatically @generated by Cargo.
# It is not intended for manual editing.
[[package]]
name = "auto_ops"
version = "0.3.0"
source = "registry+https://github.com/rust-lang/crates.io-index"
checksum = "7460f7dd8e100147b82a63afca1a20eb6c231ee36b90ba7272e14951cb58af59"

[[package]]
name = "az_game"
version = "0.1.0"
dependencies = [
 "auto_ops",
]
